
Microsoft Visual Studio Solution File, Format Version 12.00
# Visual Studio 15
Project("{FAE04EC0-301F-11D3-BF4B-00C04F79EFBC}") = "International_Web_Form", "International_Web_Form.csproj", "{01EBCEF2-A710-41DD-A595-21CA83A55620}"
EndProject
Project("{FAE04EC0-301F-11D3-BF4B-00C04F79EFBC}") = "International_Web_Form.Tests", "International_Web_Form.Tests\International_Web_Form.Tests.csproj", "{C2DB0499-DE21-4D55-95AB-640FE7AAFB76}"
EndProject
Global
	GlobalSection(SolutionConfigurationPlatforms) = preSolution
		Debug|Any CPU = Debug|Any CPU
		Release|Any CPU = Release|Any CPU
	EndGlobalSection
	GlobalSection(ProjectConfigurationPlatforms) = postSolution
		{01EBCEF2-A710-41DD-A595-21CA83A55620}.Debug|Any CPU.ActiveCfg = Debug|Any CPU
		{01EBCEF2-A710-41DD-A595-21CA83A55620}.Debug|Any CPU.Build.0 = Debug|Any CPU
		{01EBCEF2-A710-41DD-A595-21CA83A55620}.Release|Any CPU.ActiveCfg = Release|Any CPU
		{01EBCEF2-A710-41DD-A595-21CA83A55620}.Release|Any CPU.Build.0 = Release|Any CPU
		{C2DB0499-DE21-4D55-95AB-640FE7AAFB76}.Debug|Any CPU.ActiveCfg = Debug|Any CPU
		{C2DB0499-DE21-4D55-95AB-640FE7AAFB76}.Debug|Any CPU.Build.0 = Debug|Any CPU
		{C2DB0499-DE21-4D55-95AB-640FE7AAFB76}.Release|Any CPU.ActiveCfg = Release|Any CPU
		{C2DB0499-DE21-4D55-95AB-640FE7AAFB76}.Release|Any CPU.Build.0 = Release|Any CPU
	EndGlobalSection
EndGlobal
